
Microsoft Visual Studio Solution File, Format Version 12.00
# Visual Studio 15
VisualStudioVersion = 15.0.28307.102
MinimumVisualStudioVersion = 10.0.40219.1
Project("{888888A0-9F3D-457C-B088-3A5042F75D52}") = "NerTagger", "NerTagger.pyproj", "{DB2A2012-F2A0-49F1-BE5D-DEA582714019}"
EndProject
Global
	GlobalSection(SolutionConfigurationPlatforms) = preSolution
		Debug|Any CPU = Debug|Any CPU
		Release|Any CPU = Release|Any CPU
	EndGlobalSection
	GlobalSection(ProjectConfigurationPlatforms) = postSolution
		{DB2A2012-F2A0-49F1-BE5D-DEA582714019}.Debug|Any CPU.ActiveCfg = Debug|Any CPU
		{DB2A2012-F2A0-49F1-BE5D-DEA582714019}.Release|Any CPU.ActiveCfg = Release|Any CPU
	EndGlobalSection
	GlobalSection(SolutionProperties) = preSolution
		HideSolutionNode = FALSE
	EndGlobalSection
	GlobalSection(ExtensibilityGlobals) = postSolution
		SolutionGuid = {F0ACF982-3009-4A78-A015-C95B7C4B975E}
	EndGlobalSection
EndGlobal
